
Microsoft Visual Studio Solution File, Format Version 12.00
# Visual Studio Version 17
VisualStudioVersion = 17.13.35913.81 d17.13
MinimumVisualStudioVersion = 10.0.40219.1
Project("{FAE04EC0-301F-11D3-BF4B-00C04F79EFBC}") = "WpfTreeViewDemo", "WpfTreeViewDemo.csproj", "{132E1F67-47A0-4409-B849-16BD4465CF85}"
EndProject
Global
	GlobalSection(SolutionConfigurationPlatforms) = preSolution
		Debug|Any CPU = Debug|Any CPU
		Release|Any CPU = Release|Any CPU
	EndGlobalSection
	GlobalSection(ProjectConfigurationPlatforms) = postSolution
		{132E1F67-47A0-4409-B849-16BD4465CF85}.Debug|Any CPU.ActiveCfg = Debug|Any CPU
		{132E1F67-47A0-4409-B849-16BD4465CF85}.Debug|Any CPU.Build.0 = Debug|Any CPU
		{132E1F67-47A0-4409-B849-16BD4465CF85}.Release|Any CPU.ActiveCfg = Release|Any CPU
		{132E1F67-47A0-4409-B849-16BD4465CF85}.Release|Any CPU.Build.0 = Release|Any CPU
	EndGlobalSection
	GlobalSection(SolutionProperties) = preSolution
		HideSolutionNode = FALSE
	EndGlobalSection
	GlobalSection(ExtensibilityGlobals) = postSolution
		SolutionGuid = {3B01ED9B-1798-4128-A166-98CFE099732E}
	EndGlobalSection
EndGlobal
